
Microsoft Visual Studio Solution File, Format Version 12.00
# Visual Studio 15
VisualStudioVersion = 15.0.28307.1340
MinimumVisualStudioVersion = 10.0.40219.1
Project("{262852C6-CD72-467D-83FE-5EEB1973A190}") = "SignalCaptcha", "SignalCaptcha\SignalCaptcha.jsproj", "{6D9A870A-54E9-4C90-9734-E5943A38E95B}"
EndProject
Global
	GlobalSection(SolutionConfigurationPlatforms) = preSolution
		Debug|Any CPU = Debug|Any CPU
		Debug|ARM = Debug|ARM
		Debug|ARM64 = Debug|ARM64
		Debug|x64 = Debug|x64
		Debug|x86 = Debug|x86
		Release|Any CPU = Release|Any CPU
		Release|ARM = Release|ARM
		Release|ARM64 = Release|ARM64
		Release|x64 = Release|x64
		Release|x86 = Release|x86
	EndGlobalSection
	GlobalSection(ProjectConfigurationPlatforms) = postSolution
		{6D9A870A-54E9-4C90-9734-E5943A38E95B}.Debug|Any CPU.ActiveCfg = Debug|Any CPU
		{6D9A870A-54E9-4C90-9734-E5943A38E95B}.Debug|Any CPU.Build.0 = Debug|Any CPU
		{6D9A870A-54E9-4C90-9734-E5943A38E95B}.Debug|Any CPU.Deploy.0 = Debug|Any CPU
		{6D9A870A-54E9-4C90-9734-E5943A38E95B}.Debug|ARM.ActiveCfg = Debug|ARM
		{6D9A870A-54E9-4C90-9734-E5943A38E95B}.Debug|ARM.Build.0 = Debug|ARM
		{6D9A870A-54E9-4C90-9734-E5943A38E95B}.Debug|ARM.Deploy.0 = Debug|ARM
		{6D9A870A-54E9-4C90-9734-E5943A38E95B}.Debug|ARM64.ActiveCfg = Debug|ARM64
		{6D9A870A-54E9-4C90-9734-E5943A38E95B}.Debug|ARM64.Build.0 = Debug|ARM64
		{6D9A870A-54E9-4C90-9734-E5943A38E95B}.Debug|ARM64.Deploy.0 = Debug|ARM64
		{6D9A870A-54E9-4C90-9734-E5943A38E95B}.Debug|x64.ActiveCfg = Debug|x64
		{6D9A870A-54E9-4C90-9734-E5943A38E95B}.Debug|x64.Build.0 = Debug|x64
		{6D9A870A-54E9-4C90-9734-E5943A38E95B}.Debug|x64.Deploy.0 = Debug|x64
		{6D9A870A-54E9-4C90-9734-E5943A38E95B}.Debug|x86.ActiveCfg = Debug|x86
		{6D9A870A-54E9-4C90-9734-E5943A38E95B}.Debug|x86.Build.0 = Debug|x86
		{6D9A870A-54E9-4C90-9734-E5943A38E95B}.Debug|x86.Deploy.0 = Debug|x86
		{6D9A870A-54E9-4C90-9734-E5943A38E95B}.Release|Any CPU.ActiveCfg = Release|Any CPU
		{6D9A870A-54E9-4C90-9734-E5943A38E95B}.Release|Any CPU.Build.0 = Release|Any CPU
		{6D9A870A-54E9-4C90-9734-E5943A38E95B}.Release|Any CPU.Deploy.0 = Release|Any CPU
		{6D9A870A-54E9-4C90-9734-E5943A38E95B}.Release|ARM.ActiveCfg = Release|ARM
		{6D9A870A-54E9-4C90-9734-E5943A38E95B}.Release|ARM.Build.0 = Release|ARM
		{6D9A870A-54E9-4C90-9734-E5943A38E95B}.Release|ARM.Deploy.0 = Release|ARM
		{6D9A870A-54E9-4C90-9734-E5943A38E95B}.Release|ARM64.ActiveCfg = Release|ARM64
		{6D9A870A-54E9-4C90-9734-E5943A38E95B}.Release|ARM64.Build.0 = Release|ARM64
		{6D9A870A-54E9-4C90-9734-E5943A38E95B}.Release|ARM64.Deploy.0 = Release|ARM64
		{6D9A870A-54E9-4C90-9734-E5943A38E95B}.Release|x64.ActiveCfg = Release|x64
		{6D9A870A-54E9-4C90-9734-E5943A38E95B}.Release|x64.Build.0 = Release|x64
		{6D9A870A-54E9-4C90-9734-E5943A38E95B}.Release|x64.Deploy.0 = Release|x64
		{6D9A870A-54E9-4C90-9734-E5943A38E95B}.Release|x86.ActiveCfg = Release|x86
		{6D9A870A-54E9-4C90-9734-E5943A38E95B}.Release|x86.Build.0 = Release|x86
		{6D9A870A-54E9-4C90-9734-E5943A38E95B}.Release|x86.Deploy.0 = Release|x86
	EndGlobalSection
	GlobalSection(SolutionProperties) = preSolution
		HideSolutionNode = FALSE
	EndGlobalSection
	GlobalSection(ExtensibilityGlobals) = postSolution
		SolutionGuid = {B246D4CD-B77A-4095-8083-B7B31306474A}
	EndGlobalSection
EndGlobal
